{
  "nodes": {
    "cglue-bindgen": {
      "flake": false,
      "locked": {
        "lastModified": 1645355609,
        "narHash": "sha256-h86oUZT2A8UDCxA2mRjBTSDHUvKhv+LOUn2OIhuX+1E=",
        "owner": "h33p",
        "repo": "cglue",
        "rev": "e6761fce0b596ef16494194be40316135568cf21",
        "type": "github"
      },
      "original": {
        "owner": "h33p",
        "repo": "cglue",
        "type": "github"
      }
    },
    "cloudflow": {
      "flake": false,
      "locked": {
        "lastModified": 1645908412,
        "narHash": "sha256-SiIrYBi3up7PXQBPnmscQcI5saRUC6SEBqTBJCIq9rQ=",
        "owner": "weewoo22",
        "repo": "cloudflow",
        "rev": "6c9194c3f87e61984e2a1f20453df7a615d0eda0",
        "type": "github"
      },
      "original": {
        "owner": "weewoo22",
        "repo": "cloudflow",
        "type": "github"
      }
    },
    "flake-utils": {
      "locked": {
        "lastModified": 1644229661,
        "narHash": "sha256-1YdnJAsNy69bpcjuoKdOYQX0YxZBiCYZo4Twxerqv7k=",
        "owner": "numtide",
        "repo": "flake-utils",
        "rev": "3cecb5b042f7f209c56ffd8371b2711a290ec797",
        "type": "github"
      },
      "original": {
        "owner": "numtide",
        "repo": "flake-utils",
        "type": "github"
      }
    },
    "flake-utils_2": {
      "locked": {
        "lastModified": 1637014545,
        "narHash": "sha256-26IZAc5yzlD9FlDT54io1oqG/bBoyka+FJk5guaX4x4=",
        "owner": "numtide",
        "repo": "flake-utils",
        "rev": "bba5dcc8e0b20ab664967ad83d24d64cb64ec4f4",
        "type": "github"
      },
      "original": {
        "owner": "numtide",
        "repo": "flake-utils",
        "type": "github"
      }
    },
    "memflow": {
      "flake": false,
      "locked": {
        "lastModified": 1645573610,
        "narHash": "sha256-Q2D1HWM3zPGWqTVK/auCC1FXHjeMBAQwQW8WIV52L8Q=",
        "owner": "memflow",
        "repo": "memflow",
        "rev": "8d2d7ff4c5c80a583306289225d427a59721f30c",
        "type": "github"
      },
      "original": {
        "owner": "memflow",
        "repo": "memflow",
        "type": "github"
      }
    },
    "memflow-coredump": {
      "flake": false,
      "locked": {
        "lastModified": 1645908889,
        "narHash": "sha256-Ul8yZXcDloshkZKGLwv3Aicvc29pLvwk24q4aq8czcc=",
        "owner": "weewoo22",
        "repo": "memflow-coredump",
        "rev": "27241f7535906140477340ef71f6e66a3bf2ea90",
        "type": "github"
      },
      "original": {
        "owner": "weewoo22",
        "repo": "memflow-coredump",
        "type": "github"
      }
    },
    "memflow-kcore": {
      "flake": false,
      "locked": {
        "lastModified": 1645547894,
        "narHash": "sha256-rKI1WDQTnnlAl6WfcAQa6tVwZzr9DKbvfK77xfhIMzI=",
        "owner": "memflow",
        "repo": "memflow-kcore",
        "rev": "88183a40873943ec48d66e880f1227c1c51706c6",
        "type": "github"
      },
      "original": {
        "owner": "memflow",
        "repo": "memflow-kcore",
        "type": "github"
      }
    },
    "memflow-kvm": {
      "flake": false,
      "locked": {
        "lastModified": 1645359404,
        "narHash": "sha256-PndW8pOb4WFubKcCUND/ahrhgLg70Yuy+lPwchsi5Zc=",
        "ref": "main",
        "rev": "4050f1a12b93c5718c08419847977892b518c05d",
        "revCount": 83,
        "submodules": true,
        "type": "git",
        "url": "https://github.com/memflow/memflow-kvm.git"
      },
      "original": {
        "ref": "main",
        "submodules": true,
        "type": "git",
        "url": "https://github.com/memflow/memflow-kvm.git"
      }
    },
    "memflow-native": {
      "flake": false,
      "locked": {
        "lastModified": 1645547695,
        "narHash": "sha256-8e5T0vqHo2yCcEf9+05ZFg5kMJPxyJl5aJH3LODOW6w=",
        "owner": "memflow",
        "repo": "memflow-native",
        "rev": "0ef63477f6481e36f4b80f8ecf4dd86387fae9c7",
        "type": "github"
      },
      "original": {
        "owner": "memflow",
        "repo": "memflow-native",
        "type": "github"
      }
    },
    "memflow-qemu": {
      "flake": false,
      "locked": {
        "lastModified": 1645578684,
        "narHash": "sha256-6PMv1c0kXcicpBp3s9Lgct1sNjhJ4bRCFhqnzYnfBFY=",
        "owner": "memflow",
        "repo": "memflow-qemu",
        "rev": "feabf1b26cfa2fa9f7cd2036c755ca3d8dccdc9f",
        "type": "github"
      },
      "original": {
        "owner": "memflow",
        "repo": "memflow-qemu",
        "type": "github"
      }
    },
    "memflow-win32": {
      "flake": false,
      "locked": {
        "lastModified": 1645742620,
        "narHash": "sha256-wHM99jP+S5CfWrucQekuSI+/DnxWL8WSioR7PXSVbAQ=",
        "owner": "memflow",
        "repo": "memflow-win32",
        "rev": "9872465e3df223b565af7fd105ff7f095c504e80",
        "type": "github"
      },
      "original": {
        "owner": "memflow",
        "repo": "memflow-win32",
        "type": "github"
      }
    },
    "nixpkgs": {
      "locked": {
        "lastModified": 1645937171,
        "narHash": "sha256-n9f9GZBNMe8UMhcgmmaXNObkH01jjgp7INMrUgBgcy4=",
        "owner": "NixOS",
        "repo": "nixpkgs",
        "rev": "22dc22f8cedc58fcb11afe1acb08e9999e78be9c",
        "type": "github"
      },
      "original": {
        "id": "nixpkgs",
        "type": "indirect"
      }
    },
    "nixpkgs_2": {
      "locked": {
        "lastModified": 1637453606,
        "narHash": "sha256-Gy6cwUswft9xqsjWxFYEnx/63/qzaFUwatcbV5GF/GQ=",
        "owner": "NixOS",
        "repo": "nixpkgs",
        "rev": "8afc4e543663ca0a6a4f496262cd05233737e732",
        "type": "github"
      },
      "original": {
        "owner": "NixOS",
        "ref": "nixpkgs-unstable",
        "repo": "nixpkgs",
        "type": "github"
      }
    },
    "root": {
      "inputs": {
        "cglue-bindgen": "cglue-bindgen",
        "cloudflow": "cloudflow",
        "flake-utils": "flake-utils",
        "memflow": "memflow",
        "memflow-coredump": "memflow-coredump",
        "memflow-kcore": "memflow-kcore",
        "memflow-kvm": "memflow-kvm",
        "memflow-native": "memflow-native",
        "memflow-qemu": "memflow-qemu",
        "memflow-win32": "memflow-win32",
        "nixpkgs": "nixpkgs",
        "rust-overlay": "rust-overlay"
      }
    },
    "rust-overlay": {
      "inputs": {
        "flake-utils": "flake-utils_2",
        "nixpkgs": "nixpkgs_2"
      },
      "locked": {
        "lastModified": 1646101640,
        "narHash": "sha256-zbjkfr4CymAnKY5MKoGfncTcBvero49pUEV+hzdQtF4=",
        "owner": "oxalica",
        "repo": "rust-overlay",
        "rev": "7e9f7b17e523ae93c12b678d94c66700f37e21bc",
        "type": "github"
      },
      "original": {
        "owner": "oxalica",
        "repo": "rust-overlay",
        "type": "github"
      }
    }
  },
  "root": "root",
  "version": 7
}
