{
  "nodes": {
    "cglue-bindgen": {
      "flake": false,
      "locked": {
        "lastModified": 1641700097,
        "narHash": "sha256-S8c1+eado9Ov91OHN8XSqxBsixERJHZ3ZEtDmMYgyLY=",
        "owner": "h33p",
        "repo": "cglue",
        "rev": "d85d2e83bd6f5eb6331174fbdc322418031f051b",
        "type": "github"
      },
      "original": {
        "owner": "h33p",
        "repo": "cglue",
        "type": "github"
      }
    },
    "flake-utils": {
      "locked": {
        "lastModified": 1642700792,
        "narHash": "sha256-XqHrk7hFb+zBvRg6Ghl+AZDq03ov6OshJLiSWOoX5es=",
        "owner": "numtide",
        "repo": "flake-utils",
        "rev": "846b2ae0fc4cc943637d3d1def4454213e203cba",
        "type": "github"
      },
      "original": {
        "owner": "numtide",
        "repo": "flake-utils",
        "type": "github"
      }
    },
    "flake-utils_2": {
      "locked": {
        "lastModified": 1637014545,
        "narHash": "sha256-26IZAc5yzlD9FlDT54io1oqG/bBoyka+FJk5guaX4x4=",
        "owner": "numtide",
        "repo": "flake-utils",
        "rev": "bba5dcc8e0b20ab664967ad83d24d64cb64ec4f4",
        "type": "github"
      },
      "original": {
        "owner": "numtide",
        "repo": "flake-utils",
        "type": "github"
      }
    },
    "memflow": {
      "flake": false,
      "locked": {
        "lastModified": 1642164893,
        "narHash": "sha256-R1Zuqdx9J+D8ZTXh7q/uy8meaXHKEtAMMJ7viE6A2fs=",
        "owner": "memflow",
        "repo": "memflow",
        "rev": "773799d45cb5d50962b30da80f4f1a3299d62efb",
        "type": "github"
      },
      "original": {
        "owner": "memflow",
        "ref": "next",
        "repo": "memflow",
        "type": "github"
      }
    },
    "memflow-kvm": {
      "flake": false,
      "locked": {
        "lastModified": 1641673692,
        "narHash": "sha256-clr8laf4u9fpSGxbp2lNRf7+ya4FwRy+8RnPS6tu+CY=",
        "owner": "memflow",
        "repo": "memflow-kvm",
        "rev": "1c2875522fbe4d29df61d23e69233debabf8f198",
        "type": "github"
      },
      "original": {
        "owner": "memflow",
        "ref": "next",
        "repo": "memflow-kvm",
        "type": "github"
      }
    },
    "memflow-qemu": {
      "flake": false,
      "locked": {
        "lastModified": 1641678305,
        "narHash": "sha256-DpGdPTckq8wH/5R0kKOZbz+piRSX/5yzdFOchck1Xmw=",
        "owner": "memflow",
        "repo": "memflow-qemu",
        "rev": "1b6ab1ff69188b800f9c02c63cd2c0cd86796125",
        "type": "github"
      },
      "original": {
        "owner": "memflow",
        "ref": "next",
        "repo": "memflow-qemu",
        "type": "github"
      }
    },
    "memflow-win32": {
      "flake": false,
      "locked": {
        "lastModified": 1642164957,
        "narHash": "sha256-O4oOMDne9Im/Cqh41JemofefyjYbbpL+kHVs+Ns7LHw=",
        "owner": "memflow",
        "repo": "memflow-win32",
        "rev": "0001adbd0cb984b65f82297b4e1f40ce1120a085",
        "type": "github"
      },
      "original": {
        "owner": "memflow",
        "repo": "memflow-win32",
        "type": "github"
      }
    },
    "nixpkgs": {
      "locked": {
        "lastModified": 1643653624,
        "narHash": "sha256-+8hLMsQrZ2rkvcEtEId6HMe8GPxVb5ga+Vh1fdsqJDU=",
        "owner": "NixOS",
        "repo": "nixpkgs",
        "rev": "a529f0c125a78343b145a8eb2b915b0295e4f459",
        "type": "github"
      },
      "original": {
        "id": "nixpkgs",
        "type": "indirect"
      }
    },
    "nixpkgs_2": {
      "locked": {
        "lastModified": 1637453606,
        "narHash": "sha256-Gy6cwUswft9xqsjWxFYEnx/63/qzaFUwatcbV5GF/GQ=",
        "owner": "NixOS",
        "repo": "nixpkgs",
        "rev": "8afc4e543663ca0a6a4f496262cd05233737e732",
        "type": "github"
      },
      "original": {
        "owner": "NixOS",
        "ref": "nixpkgs-unstable",
        "repo": "nixpkgs",
        "type": "github"
      }
    },
    "root": {
      "inputs": {
        "cglue-bindgen": "cglue-bindgen",
        "flake-utils": "flake-utils",
        "memflow": "memflow",
        "memflow-kvm": "memflow-kvm",
        "memflow-qemu": "memflow-qemu",
        "memflow-win32": "memflow-win32",
        "nixpkgs": "nixpkgs",
        "rust-overlay": "rust-overlay"
      }
    },
    "rust-overlay": {
      "inputs": {
        "flake-utils": "flake-utils_2",
        "nixpkgs": "nixpkgs_2"
      },
      "locked": {
        "lastModified": 1644027577,
        "narHash": "sha256-PnmH8XLZr2bH/AtdjJX5RDl9j/jvror4Udqwz4ljvSo=",
        "owner": "oxalica",
        "repo": "rust-overlay",
        "rev": "01b7c9b7130faa2856a1d3f226f5e42dcaae744b",
        "type": "github"
      },
      "original": {
        "owner": "oxalica",
        "repo": "rust-overlay",
        "type": "github"
      }
    }
  },
  "root": "root",
  "version": 7
}
